// !$*UTF8*$!
{
	archiveVersion = 1;
	classes = {
	};
	objectVersion = 55;
	objects = {

/* Begin PBXBuildFile section */
		085643B0AA813B17B14E592D /* Pods_Buscandog.framework in Frameworks */ = {isa = PBXBuildFile; fileRef = C35C151088591217E6EC1274 /* Pods_Buscandog.framework */; };
		DA928D7928F77853002787DC /* inicioViewController.swift in Sources */ = {isa = PBXBuildFile; fileRef = DA928D7828F77853002787DC /* inicioViewController.swift */; };
		DAB487F628F8630600A5ADAC /* RegisterViewController.swift in Sources */ = {isa = PBXBuildFile; fileRef = DAB487F528F8630600A5ADAC /* RegisterViewController.swift */; };
		DAB487F828F8631700A5ADAC /* Constants.swift in Sources */ = {isa = PBXBuildFile; fileRef = DAB487F728F8631700A5ADAC /* Constants.swift */; };
		DAB487FA28F8640D00A5ADAC /* LoginViewController.swift in Sources */ = {isa = PBXBuildFile; fileRef = DAB487F928F8640D00A5ADAC /* LoginViewController.swift */; };
		DAB487FC28F86A3D00A5ADAC /* HomeViewController.swift in Sources */ = {isa = PBXBuildFile; fileRef = DAB487FB28F86A3D00A5ADAC /* HomeViewController.swift */; };
		DAD1A27828F766A000733CB3 /* AppDelegate.swift in Sources */ = {isa = PBXBuildFile; fileRef = DAD1A27728F766A000733CB3 /* AppDelegate.swift */; };
		DAD1A27A28F766A000733CB3 /* SceneDelegate.swift in Sources */ = {isa = PBXBuildFile; fileRef = DAD1A27928F766A000733CB3 /* SceneDelegate.swift */; };
		DAD1A27F28F766A000733CB3 /* Main.storyboard in Resources */ = {isa = PBXBuildFile; fileRef = DAD1A27D28F766A000733CB3 /* Main.storyboard */; };
		DAD1A28128F766A200733CB3 /* Assets.xcassets in Resources */ = {isa = PBXBuildFile; fileRef = DAD1A28028F766A200733CB3 /* Assets.xcassets */; };
		DAD1A28428F766A200733CB3 /* LaunchScreen.storyboard in Resources */ = {isa = PBXBuildFile; fileRef = DAD1A28228F766A200733CB3 /* LaunchScreen.storyboard */; };
		DAD1A28C28F7679700733CB3 /* GoogleService-Info.plist in Resources */ = {isa = PBXBuildFile; fileRef = DAD1A28B28F7679700733CB3 /* GoogleService-Info.plist */; };
/* End PBXBuildFile section */

/* Begin PBXFileReference section */
		C35C151088591217E6EC1274 /* Pods_Buscandog.framework */ = {isa = PBXFileReference; explicitFileType = wrapper.framework; includeInIndex = 0; path = Pods_Buscandog.framework; sourceTree = BUILT_PRODUCTS_DIR; };
		C365BC3ABA58C83DF9F86F90 /* Pods-Buscandog.debug.xcconfig */ = {isa = PBXFileReference; includeInIndex = 1; lastKnownFileType = text.xcconfig; name = "Pods-Buscandog.debug.xcconfig"; path = "Target Support Files/Pods-Buscandog/Pods-Buscandog.debug.xcconfig"; sourceTree = "<group>"; };
		C9773045BC842C1A4AAB845C /* Pods-Buscandog.release.xcconfig */ = {isa = PBXFileReference; includeInIndex = 1; lastKnownFileType = text.xcconfig; name = "Pods-Buscandog.release.xcconfig"; path = "Target Support Files/Pods-Buscandog/Pods-Buscandog.release.xcconfig"; sourceTree = "<group>"; };
		DA928D7828F77853002787DC /* inicioViewController.swift */ = {isa = PBXFileReference; lastKnownFileType = sourcecode.swift; path = inicioViewController.swift; sourceTree = "<group>"; };
		DAB487F528F8630600A5ADAC /* RegisterViewController.swift */ = {isa = PBXFileReference; lastKnownFileType = sourcecode.swift; path = RegisterViewController.swift; sourceTree = "<group>"; };
		DAB487F728F8631700A5ADAC /* Constants.swift */ = {isa = PBXFileReference; lastKnownFileType = sourcecode.swift; path = Constants.swift; sourceTree = "<group>"; };
		DAB487F928F8640D00A5ADAC /* LoginViewController.swift */ = {isa = PBXFileReference; lastKnownFileType = sourcecode.swift; path = LoginViewController.swift; sourceTree = "<group>"; };
		DAB487FB28F86A3D00A5ADAC /* HomeViewController.swift */ = {isa = PBXFileReference; lastKnownFileType = sourcecode.swift; path = HomeViewController.swift; sourceTree = "<group>"; };
		DAD1A27428F766A000733CB3 /* Buscandog.app */ = {isa = PBXFileReference; explicitFileType = wrapper.application; includeInIndex = 0; path = Buscandog.app; sourceTree = BUILT_PRODUCTS_DIR; };
		DAD1A27728F766A000733CB3 /* AppDelegate.swift */ = {isa = PBXFileReference; lastKnownFileType = sourcecode.swift; path = AppDelegate.swift; sourceTree = "<group>"; };
		DAD1A27928F766A000733CB3 /* SceneDelegate.swift */ = {isa = PBXFileReference; lastKnownFileType = sourcecode.swift; path = SceneDelegate.swift; sourceTree = "<group>"; };
		DAD1A27E28F766A000733CB3 /* Base */ = {isa = PBXFileReference; lastKnownFileType = file.storyboard; name = Base; path = Base.lproj/Main.storyboard; sourceTree = "<group>"; };
		DAD1A28028F766A200733CB3 /* Assets.xcassets */ = {isa = PBXFileReference; lastKnownFileType = folder.assetcatalog; path = Assets.xcassets; sourceTree = "<group>"; };
		DAD1A28328F766A200733CB3 /* Base */ = {isa = PBXFileReference; lastKnownFileType = file.storyboard; name = Base; path = Base.lproj/LaunchScreen.storyboard; sourceTree = "<group>"; };
		DAD1A28528F766A200733CB3 /* Info.plist */ = {isa = PBXFileReference; lastKnownFileType = text.plist.xml; path = Info.plist; sourceTree = "<group>"; };
		DAD1A28B28F7679700733CB3 /* GoogleService-Info.plist */ = {isa = PBXFileReference; fileEncoding = 4; lastKnownFileType = text.plist.xml; path = "GoogleService-Info.plist"; sourceTree = "<group>"; };
/* End PBXFileReference section */

/* Begin PBXFrameworksBuildPhase section */
		DAD1A27128F766A000733CB3 /* Frameworks */ = {
			isa = PBXFrameworksBuildPhase;
			buildActionMask = 2147483647;
			files = (
				085643B0AA813B17B14E592D /* Pods_Buscandog.framework in Frameworks */,
			);
			runOnlyForDeploymentPostprocessing = 0;
		};
/* End PBXFrameworksBuildPhase section */

/* Begin PBXGroup section */
		6E0706D6B5B93BD2367470BC /* Pods */ = {
			isa = PBXGroup;
			children = (
				C365BC3ABA58C83DF9F86F90 /* Pods-Buscandog.debug.xcconfig */,
				C9773045BC842C1A4AAB845C /* Pods-Buscandog.release.xcconfig */,
			);
			path = Pods;
			sourceTree = "<group>";
		};
		893DB8761AB0C71D4FBAA2A3 /* Frameworks */ = {
			isa = PBXGroup;
			children = (
				C35C151088591217E6EC1274 /* Pods_Buscandog.framework */,
			);
			name = Frameworks;
			sourceTree = "<group>";
		};
		DA928D7728F77375002787DC /* Models */ = {
			isa = PBXGroup;
			children = (
			);
			path = Models;
			sourceTree = "<group>";
		};
		DAD1A26B28F766A000733CB3 = {
			isa = PBXGroup;
			children = (
				DAD1A27628F766A000733CB3 /* Buscandog */,
				DAD1A27528F766A000733CB3 /* Products */,
				6E0706D6B5B93BD2367470BC /* Pods */,
				893DB8761AB0C71D4FBAA2A3 /* Frameworks */,
			);
			sourceTree = "<group>";
		};
		DAD1A27528F766A000733CB3 /* Products */ = {
			isa = PBXGroup;
			children = (
				DAD1A27428F766A000733CB3 /* Buscandog.app */,
			);
			name = Products;
			sourceTree = "<group>";
		};
		DAD1A27628F766A000733CB3 /* Buscandog */ = {
			isa = PBXGroup;
			children = (
				DAD1A27728F766A000733CB3 /* AppDelegate.swift */,
				DAD1A27928F766A000733CB3 /* SceneDelegate.swift */,
				DA928D7728F77375002787DC /* Models */,
				DAD1A29028F767BE00733CB3 /* Views */,
				DAD1A28F28F767A800733CB3 /* Controllers */,
				DAD1A28028F766A200733CB3 /* Assets.xcassets */,
				DAD1A28528F766A200733CB3 /* Info.plist */,
				DAD1A28B28F7679700733CB3 /* GoogleService-Info.plist */,
				DAB487F728F8631700A5ADAC /* Constants.swift */,
			);
			path = Buscandog;
			sourceTree = "<group>";
		};
		DAD1A28F28F767A800733CB3 /* Controllers */ = {
			isa = PBXGroup;
			children = (
				DA928D7828F77853002787DC /* inicioViewController.swift */,
				DAB487F528F8630600A5ADAC /* RegisterViewController.swift */,
				DAB487F928F8640D00A5ADAC /* LoginViewController.swift */,
				DAB487FB28F86A3D00A5ADAC /* HomeViewController.swift */,
			);
			path = Controllers;
			sourceTree = "<group>";
		};
		DAD1A29028F767BE00733CB3 /* Views */ = {
			isa = PBXGroup;
			children = (
				DAD1A28228F766A200733CB3 /* LaunchScreen.storyboard */,
				DAD1A27D28F766A000733CB3 /* Main.storyboard */,
			);
			path = Views;
			sourceTree = "<group>";
		};
/* End PBXGroup section */

/* Begin PBXNativeTarget section */
		DAD1A27328F766A000733CB3 /* Buscandog */ = {
			isa = PBXNativeTarget;
			buildConfigurationList = DAD1A28828F766A200733CB3 /* Build configuration list for PBXNativeTarget "Buscandog" */;
			buildPhases = (
				6F356A4CE4E0F370D9C36D93 /* [CP] Check Pods Manifest.lock */,
				DAD1A27028F766A000733CB3 /* Sources */,
				DAD1A27128F766A000733CB3 /* Frameworks */,
				DAD1A27228F766A000733CB3 /* Resources */,
				849AF7877ABD89D82EB358DF /* [CP] Embed Pods Frameworks */,
			);
			buildRules = (
			);
			dependencies = (
			);
			name = Buscandog;
			productName = Buscandog;
			productReference = DAD1A27428F766A000733CB3 /* Buscandog.app */;
			productType = "com.apple.product-type.application";
		};
/* End PBXNativeTarget section */

/* Begin PBXProject section */
		DAD1A26C28F766A000733CB3 /* Project object */ = {
			isa = PBXProject;
			attributes = {
				BuildIndependentTargetsInParallel = 1;
				LastSwiftUpdateCheck = 1340;
				LastUpgradeCheck = 1340;
				TargetAttributes = {
					DAD1A27328F766A000733CB3 = {
						CreatedOnToolsVersion = 13.4.1;
					};
				};
			};
			buildConfigurationList = DAD1A26F28F766A000733CB3 /* Build configuration list for PBXProject "Buscandog" */;
			compatibilityVersion = "Xcode 13.0";
			developmentRegion = en;
			hasScannedForEncodings = 0;
			knownRegions = (
				en,
				Base,
			);
			mainGroup = DAD1A26B28F766A000733CB3;
			productRefGroup = DAD1A27528F766A000733CB3 /* Products */;
			projectDirPath = "";
			projectRoot = "";
			targets = (
				DAD1A27328F766A000733CB3 /* Buscandog */,
			);
		};
/* End PBXProject section */

/* Begin PBXResourcesBuildPhase section */
		DAD1A27228F766A000733CB3 /* Resources */ = {
			isa = PBXResourcesBuildPhase;
			buildActionMask = 2147483647;
			files = (
				DAD1A28428F766A200733CB3 /* LaunchScreen.storyboard in Resources */,
				DAD1A28C28F7679700733CB3 /* GoogleService-Info.plist in Resources */,
				DAD1A28128F766A200733CB3 /* Assets.xcassets in Resources */,
				DAD1A27F28F766A000733CB3 /* Main.storyboard in Resources */,
			);
			runOnlyForDeploymentPostprocessing = 0;
		};
/* End PBXResourcesBuildPhase section */

/* Begin PBXShellScriptBuildPhase section */
		6F356A4CE4E0F370D9C36D93 /* [CP] Check Pods Manifest.lock */ = {
			isa = PBXShellScriptBuildPhase;
			buildActionMask = 2147483647;
			files = (
			);
			inputFileListPaths = (
			);
			inputPaths = (
				"${PODS_PODFILE_DIR_PATH}/Podfile.lock",
				"${PODS_ROOT}/Manifest.lock",
			);
			name = "[CP] Check Pods Manifest.lock";
			outputFileListPaths = (
			);
			outputPaths = (
				"$(DERIVED_FILE_DIR)/Pods-Buscandog-checkManifestLockResult.txt",
			);
			runOnlyForDeploymentPostprocessing = 0;
			shellPath = /bin/sh;
			shellScript = "diff \"${PODS_PODFILE_DIR_PATH}/Podfile.lock\" \"${PODS_ROOT}/Manifest.lock\" > /dev/null\nif [ $? != 0 ] ; then\n    # print error to STDERR\n    echo \"error: The sandbox is not in sync with the Podfile.lock. Run 'pod install' or update your CocoaPods installation.\" >&2\n    exit 1\nfi\n# This output is used by Xcode 'outputs' to avoid re-running this script phase.\necho \"SUCCESS\" > \"${SCRIPT_OUTPUT_FILE_0}\"\n";
			showEnvVarsInLog = 0;
		};
		849AF7877ABD89D82EB358DF /* [CP] Embed Pods Frameworks */ = {
			isa = PBXShellScriptBuildPhase;
			buildActionMask = 2147483647;
			files = (
			);
			inputFileListPaths = (
				"${PODS_ROOT}/Target Support Files/Pods-Buscandog/Pods-Buscandog-frameworks-${CONFIGURATION}-input-files.xcfilelist",
			);
			name = "[CP] Embed Pods Frameworks";
			outputFileListPaths = (
				"${PODS_ROOT}/Target Support Files/Pods-Buscandog/Pods-Buscandog-frameworks-${CONFIGURATION}-output-files.xcfilelist",
			);
			runOnlyForDeploymentPostprocessing = 0;
			shellPath = /bin/sh;
			shellScript = "\"${PODS_ROOT}/Target Support Files/Pods-Buscandog/Pods-Buscandog-frameworks.sh\"\n";
			showEnvVarsInLog = 0;
		};
/* End PBXShellScriptBuildPhase section */

/* Begin PBXSourcesBuildPhase section */
		DAD1A27028F766A000733CB3 /* Sources */ = {
			isa = PBXSourcesBuildPhase;
			buildActionMask = 2147483647;
			files = (
				DAB487FA28F8640D00A5ADAC /* LoginViewController.swift in Sources */,
				DAB487F828F8631700A5ADAC /* Constants.swift in Sources */,
				DAD1A27828F766A000733CB3 /* AppDelegate.swift in Sources */,
				DAD1A27A28F766A000733CB3 /* SceneDelegate.swift in Sources */,
				DA928D7928F77853002787DC /* inicioViewController.swift in Sources */,
				DAB487FC28F86A3D00A5ADAC /* HomeViewController.swift in Sources */,
				DAB487F628F8630600A5ADAC /* RegisterViewController.swift in Sources */,
			);
			runOnlyForDeploymentPostprocessing = 0;
		};
/* End PBXSourcesBuildPhase section */

/* Begin PBXVariantGroup section */
		DAD1A27D28F766A000733CB3 /* Main.storyboard */ = {
			isa = PBXVariantGroup;
			children = (
				DAD1A27E28F766A000733CB3 /* Base */,
			);
			name = Main.storyboard;
			sourceTree = "<group>";
		};
		DAD1A28228F766A200733CB3 /* LaunchScreen.storyboard */ = {
			isa = PBXVariantGroup;
			children = (
				DAD1A28328F766A200733CB3 /* Base */,
			);
			name = LaunchScreen.storyboard;
			sourceTree = "<group>";
		};
/* End PBXVariantGroup section */

/* Begin XCBuildConfiguration section */
		DAD1A28628F766A200733CB3 /* Debug */ = {
			isa = XCBuildConfiguration;
			buildSettings = {
				ALWAYS_SEARCH_USER_PATHS = NO;
				CLANG_ANALYZER_NONNULL = YES;
				CLANG_ANALYZER_NUMBER_OBJECT_CONVERSION = YES_AGGRESSIVE;
				CLANG_CXX_LANGUAGE_STANDARD = "gnu++17";
				CLANG_ENABLE_MODULES = YES;
				CLANG_ENABLE_OBJC_ARC = YES;
				CLANG_ENABLE_OBJC_WEAK = YES;
				CLANG_WARN_BLOCK_CAPTURE_AUTORELEASING = YES;
				CLANG_WARN_BOOL_CONVERSION = YES;
				CLANG_WARN_COMMA = YES;
				CLANG_WARN_CONSTANT_CONVERSION = YES;
				CLANG_WARN_DEPRECATED_OBJC_IMPLEMENTATIONS = YES;
				CLANG_WARN_DIRECT_OBJC_ISA_USAGE = YES_ERROR;
				CLANG_WARN_DOCUMENTATION_COMMENTS = YES;
				CLANG_WARN_EMPTY_BODY = YES;
				CLANG_WARN_ENUM_CONVERSION = YES;
				CLANG_WARN_INFINITE_RECURSION = YES;
				CLANG_WARN_INT_CONVERSION = YES;
				CLANG_WARN_NON_LITERAL_NULL_CONVERSION = YES;
				CLANG_WARN_OBJC_IMPLICIT_RETAIN_SELF = YES;
				CLANG_WARN_OBJC_LITERAL_CONVERSION = YES;
				CLANG_WARN_OBJC_ROOT_CLASS = YES_ERROR;
				CLANG_WARN_QUOTED_INCLUDE_IN_FRAMEWORK_HEADER = YES;
				CLANG_WARN_RANGE_LOOP_ANALYSIS = YES;
				CLANG_WARN_STRICT_PROTOTYPES = YES;
				CLANG_WARN_SUSPICIOUS_MOVE = YES;
				CLANG_WARN_UNGUARDED_AVAILABILITY = YES_AGGRESSIVE;
				CLANG_WARN_UNREACHABLE_CODE = YES;
				CLANG_WARN__DUPLICATE_METHOD_MATCH = YES;
				COPY_PHASE_STRIP = NO;
				DEBUG_INFORMATION_FORMAT = dwarf;
				ENABLE_STRICT_OBJC_MSGSEND = YES;
				ENABLE_TESTABILITY = YES;
				GCC_C_LANGUAGE_STANDARD = gnu11;
				GCC_DYNAMIC_NO_PIC = NO;
				GCC_NO_COMMON_BLOCKS = YES;
				GCC_OPTIMIZATION_LEVEL = 0;
				GCC_PREPROCESSOR_DEFINITIONS = (
					"DEBUG=1",
					"$(inherited)",
				);
				GCC_WARN_64_TO_32_BIT_CONVERSION = YES;
				GCC_WARN_ABOUT_RETURN_TYPE = YES_ERROR;
				GCC_WARN_UNDECLARED_SELECTOR = YES;
				GCC_WARN_UNINITIALIZED_AUTOS = YES_AGGRESSIVE;
				GCC_WARN_UNUSED_FUNCTION = YES;
				GCC_WARN_UNUSED_VARIABLE = YES;
				IPHONEOS_DEPLOYMENT_TARGET = 12.0;
				MTL_ENABLE_DEBUG_INFO = INCLUDE_SOURCE;
				MTL_FAST_MATH = YES;
				ONLY_ACTIVE_ARCH = YES;
				SDKROOT = iphoneos;
				SWIFT_ACTIVE_COMPILATION_CONDITIONS = DEBUG;
				SWIFT_OPTIMIZATION_LEVEL = "-Onone";
			};
			name = Debug;
		};
		DAD1A28728F766A200733CB3 /* Release */ = {
			isa = XCBuildConfiguration;
			buildSettings = {
				ALWAYS_SEARCH_USER_PATHS = NO;
				CLANG_ANALYZER_NONNULL = YES;
				CLANG_ANALYZER_NUMBER_OBJECT_CONVERSION = YES_AGGRESSIVE;
				CLANG_CXX_LANGUAGE_STANDARD = "gnu++17";
				CLANG_ENABLE_MODULES = YES;
				CLANG_ENABLE_OBJC_ARC = YES;
				CLANG_ENABLE_OBJC_WEAK = YES;
				CLANG_WARN_BLOCK_CAPTURE_AUTORELEASING = YES;
				CLANG_WARN_BOOL_CONVERSION = YES;
				CLANG_WARN_COMMA = YES;
				CLANG_WARN_CONSTANT_CONVERSION = YES;
				CLANG_WARN_DEPRECATED_OBJC_IMPLEMENTATIONS = YES;
				CLANG_WARN_DIRECT_OBJC_ISA_USAGE = YES_ERROR;
				CLANG_WARN_DOCUMENTATION_COMMENTS = YES;
				CLANG_WARN_EMPTY_BODY = YES;
				CLANG_WARN_ENUM_CONVERSION = YES;
				CLANG_WARN_INFINITE_RECURSION = YES;
				CLANG_WARN_INT_CONVERSION = YES;
				CLANG_WARN_NON_LITERAL_NULL_CONVERSION = YES;
				CLANG_WARN_OBJC_IMPLICIT_RETAIN_SELF = YES;
				CLANG_WARN_OBJC_LITERAL_CONVERSION = YES;
				CLANG_WARN_OBJC_ROOT_CLASS = YES_ERROR;
				CLANG_WARN_QUOTED_INCLUDE_IN_FRAMEWORK_HEADER = YES;
				CLANG_WARN_RANGE_LOOP_ANALYSIS = YES;
				CLANG_WARN_STRICT_PROTOTYPES = YES;
				CLANG_WARN_SUSPICIOUS_MOVE = YES;
				CLANG_WARN_UNGUARDED_AVAILABILITY = YES_AGGRESSIVE;
				CLANG_WARN_UNREACHABLE_CODE = YES;
				CLANG_WARN__DUPLICATE_METHOD_MATCH = YES;
				COPY_PHASE_STRIP = NO;
				DEBUG_INFORMATION_FORMAT = "dwarf-with-dsym";
				ENABLE_NS_ASSERTIONS = NO;
				ENABLE_STRICT_OBJC_MSGSEND = YES;
				GCC_C_LANGUAGE_STANDARD = gnu11;
				GCC_NO_COMMON_BLOCKS = YES;
				GCC_WARN_64_TO_32_BIT_CONVERSION = YES;
				GCC_WARN_ABOUT_RETURN_TYPE = YES_ERROR;
				GCC_WARN_UNDECLARED_SELECTOR = YES;
				GCC_WARN_UNINITIALIZED_AUTOS = YES_AGGRESSIVE;
				GCC_WARN_UNUSED_FUNCTION = YES;
				GCC_WARN_UNUSED_VARIABLE = YES;
				IPHONEOS_DEPLOYMENT_TARGET = 12.0;
				MTL_ENABLE_DEBUG_INFO = NO;
				MTL_FAST_MATH = YES;
				SDKROOT = iphoneos;
				SWIFT_COMPILATION_MODE = wholemodule;
				SWIFT_OPTIMIZATION_LEVEL = "-O";
				VALIDATE_PRODUCT = YES;
			};
			name = Release;
		};
		DAD1A28928F766A200733CB3 /* Debug */ = {
			isa = XCBuildConfiguration;
			baseConfigurationReference = C365BC3ABA58C83DF9F86F90 /* Pods-Buscandog.debug.xcconfig */;
			buildSettings = {
				ASSETCATALOG_COMPILER_APPICON_NAME = AppIcon;
				ASSETCATALOG_COMPILER_GLOBAL_ACCENT_COLOR_NAME = AccentColor;
				CODE_SIGN_STYLE = Automatic;
				CURRENT_PROJECT_VERSION = 1;
				DEVELOPMENT_TEAM = 53S37RM2UT;
				GENERATE_INFOPLIST_FILE = YES;
				INFOPLIST_FILE = Buscandog/Info.plist;
				INFOPLIST_KEY_UIApplicationSupportsIndirectInputEvents = YES;
				INFOPLIST_KEY_UILaunchStoryboardName = LaunchScreen;
				INFOPLIST_KEY_UIMainStoryboardFile = Main;
				INFOPLIST_KEY_UISupportedInterfaceOrientations = UIInterfaceOrientationPortrait;
				INFOPLIST_KEY_UISupportedInterfaceOrientations_iPad = "UIInterfaceOrientationPortrait UIInterfaceOrientationPortraitUpsideDown UIInterfaceOrientationLandscapeLeft UIInterfaceOrientationLandscapeRight";
				INFOPLIST_KEY_UISupportedInterfaceOrientations_iPhone = "UIInterfaceOrientationPortrait UIInterfaceOrientationLandscapeLeft UIInterfaceOrientationLandscapeRight";
				IPHONEOS_DEPLOYMENT_TARGET = 12.0;
				LD_RUNPATH_SEARCH_PATHS = (
					"$(inherited)",
					"@executable_path/Frameworks",
				);
				MARKETING_VERSION = 1.0;
				PRODUCT_BUNDLE_IDENTIFIER = TECMONTERREY.Buscandog;
				PRODUCT_NAME = "$(TARGET_NAME)";
				SWIFT_EMIT_LOC_STRINGS = YES;
				SWIFT_VERSION = 5.0;
				TARGETED_DEVICE_FAMILY = 1;
			};
			name = Debug;
		};
		DAD1A28A28F766A200733CB3 /* Release */ = {
			isa = XCBuildConfiguration;
			baseConfigurationReference = C9773045BC842C1A4AAB845C /* Pods-Buscandog.release.xcconfig */;
			buildSettings = {
				ASSETCATALOG_COMPILER_APPICON_NAME = AppIcon;
				ASSETCATALOG_COMPILER_GLOBAL_ACCENT_COLOR_NAME = AccentColor;
				CODE_SIGN_STYLE = Automatic;
				CURRENT_PROJECT_VERSION = 1;
				DEVELOPMENT_TEAM = 53S37RM2UT;
				GENERATE_INFOPLIST_FILE = YES;
				INFOPLIST_FILE = Buscandog/Info.plist;
				INFOPLIST_KEY_UIApplicationSupportsIndirectInputEvents = YES;
				INFOPLIST_KEY_UILaunchStoryboardName = LaunchScreen;
				INFOPLIST_KEY_UIMainStoryboardFile = Main;
				INFOPLIST_KEY_UISupportedInterfaceOrientations = UIInterfaceOrientationPortrait;
				INFOPLIST_KEY_UISupportedInterfaceOrientations_iPad = "UIInterfaceOrientationPortrait UIInterfaceOrientationPortraitUpsideDown UIInterfaceOrientationLandscapeLeft UIInterfaceOrientationLandscapeRight";
				INFOPLIST_KEY_UISupportedInterfaceOrientations_iPhone = "UIInterfaceOrientationPortrait UIInterfaceOrientationLandscapeLeft UIInterfaceOrientationLandscapeRight";
				IPHONEOS_DEPLOYMENT_TARGET = 12.0;
				LD_RUNPATH_SEARCH_PATHS = (
					"$(inherited)",
					"@executable_path/Frameworks",
				);
				MARKETING_VERSION = 1.0;
				PRODUCT_BUNDLE_IDENTIFIER = TECMONTERREY.Buscandog;
				PRODUCT_NAME = "$(TARGET_NAME)";
				SWIFT_EMIT_LOC_STRINGS = YES;
				SWIFT_VERSION = 5.0;
				TARGETED_DEVICE_FAMILY = 1;
			};
			name = Release;
		};
/* End XCBuildConfiguration section */

/* Begin XCConfigurationList section */
		DAD1A26F28F766A000733CB3 /* Build configuration list for PBXProject "Buscandog" */ = {
			isa = XCConfigurationList;
			buildConfigurations = (
				DAD1A28628F766A200733CB3 /* Debug */,
				DAD1A28728F766A200733CB3 /* Release */,
			);
			defaultConfigurationIsVisible = 0;
			defaultConfigurationName = Release;
		};
		DAD1A28828F766A200733CB3 /* Build configuration list for PBXNativeTarget "Buscandog" */ = {
			isa = XCConfigurationList;
			buildConfigurations = (
				DAD1A28928F766A200733CB3 /* Debug */,
				DAD1A28A28F766A200733CB3 /* Release */,
			);
			defaultConfigurationIsVisible = 0;
			defaultConfigurationName = Release;
		};
/* End XCConfigurationList section */
	};
	rootObject = DAD1A26C28F766A000733CB3 /* Project object */;
}
